{
  "name": "demo_cakephp_crud",
  "version": "1.0.0",
  "lockfileVersion": 1,
  "requires": true,
  "dependencies": {
    "bootstrap": {
      "version": "3.4.1",
      "resolved": "https://registry.npmjs.org/bootstrap/-/bootstrap-3.4.1.tgz",
      "integrity": "sha512-yN5oZVmRCwe5aKwzRj6736nSmKDX7pLYwsXiCj/EYmo16hODaBiT4En5btW/jhBF/seV+XMx3aYwukYC3A49DA==",
      "dev": true
    },
    "bower": {
      "version": "1.8.2",
      "resolved": "https://registry.npmjs.org/bower/-/bower-1.8.2.tgz",
      "integrity": "sha1-rfU1KcjUrwLvJPuNU0HBQZ0z4vc=",
      "dev": true
    },
    "desandro-matches-selector": {
      "version": "2.0.2",
      "resolved": "https://registry.npmjs.org/desandro-matches-selector/-/desandro-matches-selector-2.0.2.tgz",
      "integrity": "sha1-cXvu1NwT59jzdi9wem1YpndCGOE=",
      "dev": true
    },
    "ev-emitter": {
      "version": "1.1.1",
      "resolved": "https://registry.npmjs.org/ev-emitter/-/ev-emitter-1.1.1.tgz",
      "integrity": "sha512-ipiDYhdQSCZ4hSbX4rMW+XzNKMD1prg/sTvoVmSLkuQ1MVlwjJQQA+sW8tMYR3BLUr9KjodFV4pvzunvRhd33Q==",
      "dev": true
    },
    "fizzy-ui-utils": {
      "version": "2.0.5",
      "resolved": "https://registry.npmjs.org/fizzy-ui-utils/-/fizzy-ui-utils-2.0.5.tgz",
      "integrity": "sha1-1y3rx00snSctvLt7ABcHiX9sMhA=",
      "dev": true,
      "requires": {
        "desandro-matches-selector": "2.0.2"
      }
    },
    "font-awesome": {
      "version": "4.7.0",
      "resolved": "https://registry.npmjs.org/font-awesome/-/font-awesome-4.7.0.tgz",
      "integrity": "sha1-j6jPBBGhoxr9B7BtKQK7n8gVoTM=",
      "dev": true
    },
    "infinite-scroll": {
      "version": "3.0.2",
      "resolved": "https://registry.npmjs.org/infinite-scroll/-/infinite-scroll-3.0.2.tgz",
      "integrity": "sha512-J+nWzcmp/EZpjwvngwuYEJKb0+pPp+0swBMoRBX/WPX9Hg8r3XOYhQGbms2VmJMGixyEMX3Upb/yct8e3G10YQ==",
      "dev": true,
      "requires": {
        "ev-emitter": "1.1.1",
        "fizzy-ui-utils": "2.0.5"
      }
    },
    "mdbootstrap": {
      "version": "4.3.2",
      "resolved": "https://registry.npmjs.org/mdbootstrap/-/mdbootstrap-4.3.2.tgz",
      "integrity": "sha1-s3IeE66gDLTXS/w9gRhThCEIFyo=",
      "dev": true
    },
    "toastr": {
      "version": "2.1.2",
      "resolved": "https://registry.npmjs.org/toastr/-/toastr-2.1.2.tgz",
      "integrity": "sha1-/WkGaudXilszV3JfycfDNem2gd8=",
      "dev": true
    }
  }
}
